
Microsoft Visual Studio Solution File, Format Version 12.00
# Visual Studio Version 17
VisualStudioVersion = 17.11.35312.102
MinimumVisualStudioVersion = 10.0.40219.1
Project("{FAE04EC0-301F-11D3-BF4B-00C04F79EFBC}") = "Siralama", "Siralama\Siralama.csproj", "{44893EFE-07C2-4D71-8E3C-3E229216865A}"
EndProject
Global
	GlobalSection(SolutionConfigurationPlatforms) = preSolution
		Debug|Any CPU = Debug|Any CPU
		Release|Any CPU = Release|Any CPU
	EndGlobalSection
	GlobalSection(ProjectConfigurationPlatforms) = postSolution
		{44893EFE-07C2-4D71-8E3C-3E229216865A}.Debug|Any CPU.ActiveCfg = Debug|Any CPU
		{44893EFE-07C2-4D71-8E3C-3E229216865A}.Debug|Any CPU.Build.0 = Debug|Any CPU
		{44893EFE-07C2-4D71-8E3C-3E229216865A}.Release|Any CPU.ActiveCfg = Release|Any CPU
		{44893EFE-07C2-4D71-8E3C-3E229216865A}.Release|Any CPU.Build.0 = Release|Any CPU
	EndGlobalSection
	GlobalSection(SolutionProperties) = preSolution
		HideSolutionNode = FALSE
	EndGlobalSection
	GlobalSection(ExtensibilityGlobals) = postSolution
		SolutionGuid = {475F05EE-7A36-4E8B-9D88-1F5F522FBA0B}
	EndGlobalSection
EndGlobal
